
Microsoft Visual Studio Solution File, Format Version 12.00
# Visual Studio Version 17
VisualStudioVersion = 17.3.32901.215
MinimumVisualStudioVersion = 10.0.40219.1
Project("{FAE04EC0-301F-11D3-BF4B-00C04F79EFBC}") = "knihy_jankech", "knihy_jankech.csproj", "{98E0F10C-DE45-4067-863F-A25F30D10D0E}"
EndProject
Global
	GlobalSection(SolutionConfigurationPlatforms) = preSolution
		Debug|Any CPU = Debug|Any CPU
		Release|Any CPU = Release|Any CPU
	EndGlobalSection
	GlobalSection(ProjectConfigurationPlatforms) = postSolution
		{98E0F10C-DE45-4067-863F-A25F30D10D0E}.Debug|Any CPU.ActiveCfg = Debug|Any CPU
		{98E0F10C-DE45-4067-863F-A25F30D10D0E}.Debug|Any CPU.Build.0 = Debug|Any CPU
		{98E0F10C-DE45-4067-863F-A25F30D10D0E}.Release|Any CPU.ActiveCfg = Release|Any CPU
		{98E0F10C-DE45-4067-863F-A25F30D10D0E}.Release|Any CPU.Build.0 = Release|Any CPU
	EndGlobalSection
	GlobalSection(SolutionProperties) = preSolution
		HideSolutionNode = FALSE
	EndGlobalSection
	GlobalSection(ExtensibilityGlobals) = postSolution
		SolutionGuid = {C03E1CD1-07B0-47F0-8AE1-EB9E340DECEA}
	EndGlobalSection
EndGlobal
